
Microsoft Visual Studio Solution File, Format Version 12.00
# Visual Studio Version 16
VisualStudioVersion = 16.0.30717.126
MinimumVisualStudioVersion = 10.0.40219.1
Project("{F184B08F-C81C-45F6-A57F-5ABD9991F28F}") = "VP_Assignment", "VP_Assignment.vbproj", "{5E649E75-4B18-4D5A-AAEA-CDBC3AC5CAA3}"
EndProject
Global
	GlobalSection(SolutionConfigurationPlatforms) = preSolution
		Debug|Any CPU = Debug|Any CPU
		Release|Any CPU = Release|Any CPU
	EndGlobalSection
	GlobalSection(ProjectConfigurationPlatforms) = postSolution
		{5E649E75-4B18-4D5A-AAEA-CDBC3AC5CAA3}.Debug|Any CPU.ActiveCfg = Debug|Any CPU
		{5E649E75-4B18-4D5A-AAEA-CDBC3AC5CAA3}.Debug|Any CPU.Build.0 = Debug|Any CPU
		{5E649E75-4B18-4D5A-AAEA-CDBC3AC5CAA3}.Release|Any CPU.ActiveCfg = Release|Any CPU
		{5E649E75-4B18-4D5A-AAEA-CDBC3AC5CAA3}.Release|Any CPU.Build.0 = Release|Any CPU
	EndGlobalSection
	GlobalSection(SolutionProperties) = preSolution
		HideSolutionNode = FALSE
	EndGlobalSection
	GlobalSection(ExtensibilityGlobals) = postSolution
		SolutionGuid = {BD0FBBF0-7E94-4CFF-A7CC-44A620298548}
	EndGlobalSection
EndGlobal
